// !$*UTF8*$!
{
	archiveVersion = 1;
	classes = {
	};
	objectVersion = 46;
	objects = {

/* Begin PBXBuildFile section */
		F45BF9831B7459F80019059B /* main.m in Sources */ = {isa = PBXBuildFile; fileRef = F45BF9821B7459F80019059B /* main.m */; };
		F45BF9861B7459F80019059B /* AppDelegate.m in Sources */ = {isa = PBXBuildFile; fileRef = F45BF9851B7459F80019059B /* AppDelegate.m */; };
		F45BF9891B7459F80019059B /* ViewController.m in Sources */ = {isa = PBXBuildFile; fileRef = F45BF9881B7459F80019059B /* ViewController.m */; };
		F45BF98C1B7459F80019059B /* Main.storyboard in Resources */ = {isa = PBXBuildFile; fileRef = F45BF98A1B7459F80019059B /* Main.storyboard */; };
		F45BF98E1B7459F80019059B /* Images.xcassets in Resources */ = {isa = PBXBuildFile; fileRef = F45BF98D1B7459F80019059B /* Images.xcassets */; };
		F45BF9911B7459F80019059B /* LaunchScreen.xib in Resources */ = {isa = PBXBuildFile; fileRef = F45BF98F1B7459F80019059B /* LaunchScreen.xib */; };
		F45BF99D1B7459F80019059B /* ___betaTests.m in Sources */ = {isa = PBXBuildFile; fileRef = F45BF99C1B7459F80019059B /* ___betaTests.m */; };
/* End PBXBuildFile section */

/* Begin PBXContainerItemProxy section */
		F45BF9971B7459F80019059B /* PBXContainerItemProxy */ = {
			isa = PBXContainerItemProxy;
			containerPortal = F45BF9751B7459F80019059B /* Project object */;
			proxyType = 1;
			remoteGlobalIDString = F45BF97C1B7459F80019059B;
			remoteInfo = "画板-beta";
		};
/* End PBXContainerItemProxy section */

/* Begin PBXFileReference section */
		F45BF97D1B7459F80019059B /* 画板-beta.app */ = {isa = PBXFileReference; explicitFileType = wrapper.application; includeInIndex = 0; path = "画板-beta.app"; sourceTree = BUILT_PRODUCTS_DIR; };
		F45BF9811B7459F80019059B /* Info.plist */ = {isa = PBXFileReference; lastKnownFileType = text.plist.xml; path = Info.plist; sourceTree = "<group>"; };
		F45BF9821B7459F80019059B /* main.m */ = {isa = PBXFileReference; lastKnownFileType = sourcecode.c.objc; path = main.m; sourceTree = "<group>"; };
		F45BF9841B7459F80019059B /* AppDelegate.h */ = {isa = PBXFileReference; lastKnownFileType = sourcecode.c.h; path = AppDelegate.h; sourceTree = "<group>"; };
		F45BF9851B7459F80019059B /* AppDelegate.m */ = {isa = PBXFileReference; lastKnownFileType = sourcecode.c.objc; path = AppDelegate.m; sourceTree = "<group>"; };
		F45BF9871B7459F80019059B /* ViewController.h */ = {isa = PBXFileReference; lastKnownFileType = sourcecode.c.h; path = ViewController.h; sourceTree = "<group>"; };
		F45BF9881B7459F80019059B /* ViewController.m */ = {isa = PBXFileReference; lastKnownFileType = sourcecode.c.objc; path = ViewController.m; sourceTree = "<group>"; };
		F45BF98B1B7459F80019059B /* Base */ = {isa = PBXFileReference; lastKnownFileType = file.storyboard; name = Base; path = Base.lproj/Main.storyboard; sourceTree = "<group>"; };
		F45BF98D1B7459F80019059B /* Images.xcassets */ = {isa = PBXFileReference; lastKnownFileType = folder.assetcatalog; path = Images.xcassets; sourceTree = "<group>"; };
		F45BF9901B7459F80019059B /* Base */ = {isa = PBXFileReference; lastKnownFileType = file.xib; name = Base; path = Base.lproj/LaunchScreen.xib; sourceTree = "<group>"; };
		F45BF9961B7459F80019059B /* 画板-betaTests.xctest */ = {isa = PBXFileReference; explicitFileType = wrapper.cfbundle; includeInIndex = 0; path = "画板-betaTests.xctest"; sourceTree = BUILT_PRODUCTS_DIR; };
		F45BF99B1B7459F80019059B /* Info.plist */ = {isa = PBXFileReference; lastKnownFileType = text.plist.xml; path = Info.plist; sourceTree = "<group>"; };
		F45BF99C1B7459F80019059B /* ___betaTests.m */ = {isa = PBXFileReference; lastKnownFileType = sourcecode.c.objc; path = "___betaTests.m"; sourceTree = "<group>"; };
/* End PBXFileReference section */

/* Begin PBXFrameworksBuildPhase section */
		F45BF97A1B7459F80019059B /* Frameworks */ = {
			isa = PBXFrameworksBuildPhase;
			buildActionMask = 2147483647;
			files = (
			);
			runOnlyForDeploymentPostprocessing = 0;
		};
		F45BF9931B7459F80019059B /* Frameworks */ = {
			isa = PBXFrameworksBuildPhase;
			buildActionMask = 2147483647;
			files = (
			);
			runOnlyForDeploymentPostprocessing = 0;
		};
/* End PBXFrameworksBuildPhase section */

/* Begin PBXGroup section */
		F45BF9741B7459F80019059B = {
			isa = PBXGroup;
			children = (
				F45BF97F1B7459F80019059B /* 画板-beta */,
				F45BF9991B7459F80019059B /* 画板-betaTests */,
				F45BF97E1B7459F80019059B /* Products */,
			);
			sourceTree = "<group>";
		};
		F45BF97E1B7459F80019059B /* Products */ = {
			isa = PBXGroup;
			children = (
				F45BF97D1B7459F80019059B /* 画板-beta.app */,
				F45BF9961B7459F80019059B /* 画板-betaTests.xctest */,
			);
			name = Products;
			sourceTree = "<group>";
		};
		F45BF97F1B7459F80019059B /* 画板-beta */ = {
			isa = PBXGroup;
			children = (
				F45BF9841B7459F80019059B /* AppDelegate.h */,
				F45BF9851B7459F80019059B /* AppDelegate.m */,
				F45BF9871B7459F80019059B /* ViewController.h */,
				F45BF9881B7459F80019059B /* ViewController.m */,
				F45BF98A1B7459F80019059B /* Main.storyboard */,
				F45BF98D1B7459F80019059B /* Images.xcassets */,
				F45BF98F1B7459F80019059B /* LaunchScreen.xib */,
				F45BF9801B7459F80019059B /* Supporting Files */,
			);
			path = "画板-beta";
			sourceTree = "<group>";
		};
		F45BF9801B7459F80019059B /* Supporting Files */ = {
			isa = PBXGroup;
			children = (
				F45BF9811B7459F80019059B /* Info.plist */,
				F45BF9821B7459F80019059B /* main.m */,
			);
			name = "Supporting Files";
			sourceTree = "<group>";
		};
		F45BF9991B7459F80019059B /* 画板-betaTests */ = {
			isa = PBXGroup;
			children = (
				F45BF99C1B7459F80019059B /* ___betaTests.m */,
				F45BF99A1B7459F80019059B /* Supporting Files */,
			);
			path = "画板-betaTests";
			sourceTree = "<group>";
		};
		F45BF99A1B7459F80019059B /* Supporting Files */ = {
			isa = PBXGroup;
			children = (
				F45BF99B1B7459F80019059B /* Info.plist */,
			);
			name = "Supporting Files";
			sourceTree = "<group>";
		};
/* End PBXGroup section */

/* Begin PBXNativeTarget section */
		F45BF97C1B7459F80019059B /* 画板-beta */ = {
			isa = PBXNativeTarget;
			buildConfigurationList = F45BF9A01B7459F80019059B /* Build configuration list for PBXNativeTarget "画板-beta" */;
			buildPhases = (
				F45BF9791B7459F80019059B /* Sources */,
				F45BF97A1B7459F80019059B /* Frameworks */,
				F45BF97B1B7459F80019059B /* Resources */,
			);
			buildRules = (
			);
			dependencies = (
			);
			name = "画板-beta";
			productName = "画板-beta";
			productReference = F45BF97D1B7459F80019059B /* 画板-beta.app */;
			productType = "com.apple.product-type.application";
		};
		F45BF9951B7459F80019059B /* 画板-betaTests */ = {
			isa = PBXNativeTarget;
			buildConfigurationList = F45BF9A31B7459F80019059B /* Build configuration list for PBXNativeTarget "画板-betaTests" */;
			buildPhases = (
				F45BF9921B7459F80019059B /* Sources */,
				F45BF9931B7459F80019059B /* Frameworks */,
				F45BF9941B7459F80019059B /* Resources */,
			);
			buildRules = (
			);
			dependencies = (
				F45BF9981B7459F80019059B /* PBXTargetDependency */,
			);
			name = "画板-betaTests";
			productName = "画板-betaTests";
			productReference = F45BF9961B7459F80019059B /* 画板-betaTests.xctest */;
			productType = "com.apple.product-type.bundle.unit-test";
		};
/* End PBXNativeTarget section */

/* Begin PBXProject section */
		F45BF9751B7459F80019059B /* Project object */ = {
			isa = PBXProject;
			attributes = {
				LastUpgradeCheck = 0640;
				ORGANIZATIONNAME = Lucky;
				TargetAttributes = {
					F45BF97C1B7459F80019059B = {
						CreatedOnToolsVersion = 6.4;
					};
					F45BF9951B7459F80019059B = {
						CreatedOnToolsVersion = 6.4;
						TestTargetID = F45BF97C1B7459F80019059B;
					};
				};
			};
			buildConfigurationList = F45BF9781B7459F80019059B /* Build configuration list for PBXProject "画板-beta" */;
			compatibilityVersion = "Xcode 3.2";
			developmentRegion = English;
			hasScannedForEncodings = 0;
			knownRegions = (
				en,
				Base,
			);
			mainGroup = F45BF9741B7459F80019059B;
			productRefGroup = F45BF97E1B7459F80019059B /* Products */;
			projectDirPath = "";
			projectRoot = "";
			targets = (
				F45BF97C1B7459F80019059B /* 画板-beta */,
				F45BF9951B7459F80019059B /* 画板-betaTests */,
			);
		};
/* End PBXProject section */

/* Begin PBXResourcesBuildPhase section */
		F45BF97B1B7459F80019059B /* Resources */ = {
			isa = PBXResourcesBuildPhase;
			buildActionMask = 2147483647;
			files = (
				F45BF98C1B7459F80019059B /* Main.storyboard in Resources */,
				F45BF9911B7459F80019059B /* LaunchScreen.xib in Resources */,
				F45BF98E1B7459F80019059B /* Images.xcassets in Resources */,
			);
			runOnlyForDeploymentPostprocessing = 0;
		};
		F45BF9941B7459F80019059B /* Resources */ = {
			isa = PBXResourcesBuildPhase;
			buildActionMask = 2147483647;
			files = (
			);
			runOnlyForDeploymentPostprocessing = 0;
		};
/* End PBXResourcesBuildPhase section */

/* Begin PBXSourcesBuildPhase section */
		F45BF9791B7459F80019059B /* Sources */ = {
			isa = PBXSourcesBuildPhase;
			buildActionMask = 2147483647;
			files = (
				F45BF9891B7459F80019059B /* ViewController.m in Sources */,
				F45BF9861B7459F80019059B /* AppDelegate.m in Sources */,
				F45BF9831B7459F80019059B /* main.m in Sources */,
			);
			runOnlyForDeploymentPostprocessing = 0;
		};
		F45BF9921B7459F80019059B /* Sources */ = {
			isa = PBXSourcesBuildPhase;
			buildActionMask = 2147483647;
			files = (
				F45BF99D1B7459F80019059B /* ___betaTests.m in Sources */,
			);
			runOnlyForDeploymentPostprocessing = 0;
		};
/* End PBXSourcesBuildPhase section */

/* Begin PBXTargetDependency section */
		F45BF9981B7459F80019059B /* PBXTargetDependency */ = {
			isa = PBXTargetDependency;
			target = F45BF97C1B7459F80019059B /* 画板-beta */;
			targetProxy = F45BF9971B7459F80019059B /* PBXContainerItemProxy */;
		};
/* End PBXTargetDependency section */

/* Begin PBXVariantGroup section */
		F45BF98A1B7459F80019059B /* Main.storyboard */ = {
			isa = PBXVariantGroup;
			children = (
				F45BF98B1B7459F80019059B /* Base */,
			);
			name = Main.storyboard;
			sourceTree = "<group>";
		};
		F45BF98F1B7459F80019059B /* LaunchScreen.xib */ = {
			isa = PBXVariantGroup;
			children = (
				F45BF9901B7459F80019059B /* Base */,
			);
			name = LaunchScreen.xib;
			sourceTree = "<group>";
		};
/* End PBXVariantGroup section */

/* Begin XCBuildConfiguration section */
		F45BF99E1B7459F80019059B /* Debug */ = {
			isa = XCBuildConfiguration;
			buildSettings = {
				ALWAYS_SEARCH_USER_PATHS = NO;
				CLANG_CXX_LANGUAGE_STANDARD = "gnu++0x";
				CLANG_CXX_LIBRARY = "libc++";
				CLANG_ENABLE_MODULES = YES;
				CLANG_ENABLE_OBJC_ARC = YES;
				CLANG_WARN_BOOL_CONVERSION = YES;
				CLANG_WARN_CONSTANT_CONVERSION = YES;
				CLANG_WARN_DIRECT_OBJC_ISA_USAGE = YES_ERROR;
				CLANG_WARN_EMPTY_BODY = YES;
				CLANG_WARN_ENUM_CONVERSION = YES;
				CLANG_WARN_INT_CONVERSION = YES;
				CLANG_WARN_OBJC_ROOT_CLASS = YES_ERROR;
				CLANG_WARN_UNREACHABLE_CODE = YES;
				CLANG_WARN__DUPLICATE_METHOD_MATCH = YES;
				"CODE_SIGN_IDENTITY[sdk=iphoneos*]" = "iPhone Developer";
				COPY_PHASE_STRIP = NO;
				DEBUG_INFORMATION_FORMAT = "dwarf-with-dsym";
				ENABLE_STRICT_OBJC_MSGSEND = YES;
				GCC_C_LANGUAGE_STANDARD = gnu99;
				GCC_DYNAMIC_NO_PIC = NO;
				GCC_NO_COMMON_BLOCKS = YES;
				GCC_OPTIMIZATION_LEVEL = 0;
				GCC_PREPROCESSOR_DEFINITIONS = (
					"DEBUG=1",
					"$(inherited)",
				);
				GCC_SYMBOLS_PRIVATE_EXTERN = NO;
				GCC_WARN_64_TO_32_BIT_CONVERSION = YES;
				GCC_WARN_ABOUT_RETURN_TYPE = YES_ERROR;
				GCC_WARN_UNDECLARED_SELECTOR = YES;
				GCC_WARN_UNINITIALIZED_AUTOS = YES_AGGRESSIVE;
				GCC_WARN_UNUSED_FUNCTION = YES;
				GCC_WARN_UNUSED_VARIABLE = YES;
				IPHONEOS_DEPLOYMENT_TARGET = 8.4;
				MTL_ENABLE_DEBUG_INFO = YES;
				ONLY_ACTIVE_ARCH = YES;
				SDKROOT = iphoneos;
				TARGETED_DEVICE_FAMILY = "1,2";
			};
			name = Debug;
		};
		F45BF99F1B7459F80019059B /* Release */ = {
			isa = XCBuildConfiguration;
			buildSettings = {
				ALWAYS_SEARCH_USER_PATHS = NO;
				CLANG_CXX_LANGUAGE_STANDARD = "gnu++0x";
				CLANG_CXX_LIBRARY = "libc++";
				CLANG_ENABLE_MODULES = YES;
				CLANG_ENABLE_OBJC_ARC = YES;
				CLANG_WARN_BOOL_CONVERSION = YES;
				CLANG_WARN_CONSTANT_CONVERSION = YES;
				CLANG_WARN_DIRECT_OBJC_ISA_USAGE = YES_ERROR;
				CLANG_WARN_EMPTY_BODY = YES;
				CLANG_WARN_ENUM_CONVERSION = YES;
				CLANG_WARN_INT_CONVERSION = YES;
				CLANG_WARN_OBJC_ROOT_CLASS = YES_ERROR;
				CLANG_WARN_UNREACHABLE_CODE = YES;
				CLANG_WARN__DUPLICATE_METHOD_MATCH = YES;
				"CODE_SIGN_IDENTITY[sdk=iphoneos*]" = "iPhone Developer";
				COPY_PHASE_STRIP = NO;
				DEBUG_INFORMATION_FORMAT = "dwarf-with-dsym";
				ENABLE_NS_ASSERTIONS = NO;
				ENABLE_STRICT_OBJC_MSGSEND = YES;
				GCC_C_LANGUAGE_STANDARD = gnu99;
				GCC_NO_COMMON_BLOCKS = YES;
				GCC_WARN_64_TO_32_BIT_CONVERSION = YES;
				GCC_WARN_ABOUT_RETURN_TYPE = YES_ERROR;
				GCC_WARN_UNDECLARED_SELECTOR = YES;
				GCC_WARN_UNINITIALIZED_AUTOS = YES_AGGRESSIVE;
				GCC_WARN_UNUSED_FUNCTION = YES;
				GCC_WARN_UNUSED_VARIABLE = YES;
				IPHONEOS_DEPLOYMENT_TARGET = 8.4;
				MTL_ENABLE_DEBUG_INFO = NO;
				SDKROOT = iphoneos;
				TARGETED_DEVICE_FAMILY = "1,2";
				VALIDATE_PRODUCT = YES;
			};
			name = Release;
		};
		F45BF9A11B7459F80019059B /* Debug */ = {
			isa = XCBuildConfiguration;
			buildSettings = {
				ASSETCATALOG_COMPILER_APPICON_NAME = AppIcon;
				INFOPLIST_FILE = "画板-beta/Info.plist";
				LD_RUNPATH_SEARCH_PATHS = "$(inherited) @executable_path/Frameworks";
				PRODUCT_NAME = "$(TARGET_NAME)";
			};
			name = Debug;
		};
		F45BF9A21B7459F80019059B /* Release */ = {
			isa = XCBuildConfiguration;
			buildSettings = {
				ASSETCATALOG_COMPILER_APPICON_NAME = AppIcon;
				INFOPLIST_FILE = "画板-beta/Info.plist";
				LD_RUNPATH_SEARCH_PATHS = "$(inherited) @executable_path/Frameworks";
				PRODUCT_NAME = "$(TARGET_NAME)";
			};
			name = Release;
		};
		F45BF9A41B7459F80019059B /* Debug */ = {
			isa = XCBuildConfiguration;
			buildSettings = {
				BUNDLE_LOADER = "$(TEST_HOST)";
				FRAMEWORK_SEARCH_PATHS = (
					"$(SDKROOT)/Developer/Library/Frameworks",
					"$(inherited)",
				);
				GCC_PREPROCESSOR_DEFINITIONS = (
					"DEBUG=1",
					"$(inherited)",
				);
				INFOPLIST_FILE = "画板-betaTests/Info.plist";
				LD_RUNPATH_SEARCH_PATHS = "$(inherited) @executable_path/Frameworks @loader_path/Frameworks";
				PRODUCT_NAME = "$(TARGET_NAME)";
				TEST_HOST = "$(BUILT_PRODUCTS_DIR)/画板-beta.app/画板-beta";
			};
			name = Debug;
		};
		F45BF9A51B7459F80019059B /* Release */ = {
			isa = XCBuildConfiguration;
			buildSettings = {
				BUNDLE_LOADER = "$(TEST_HOST)";
				FRAMEWORK_SEARCH_PATHS = (
					"$(SDKROOT)/Developer/Library/Frameworks",
					"$(inherited)",
				);
				INFOPLIST_FILE = "画板-betaTests/Info.plist";
				LD_RUNPATH_SEARCH_PATHS = "$(inherited) @executable_path/Frameworks @loader_path/Frameworks";
				PRODUCT_NAME = "$(TARGET_NAME)";
				TEST_HOST = "$(BUILT_PRODUCTS_DIR)/画板-beta.app/画板-beta";
			};
			name = Release;
		};
/* End XCBuildConfiguration section */

/* Begin XCConfigurationList section */
		F45BF9781B7459F80019059B /* Build configuration list for PBXProject "画板-beta" */ = {
			isa = XCConfigurationList;
			buildConfigurations = (
				F45BF99E1B7459F80019059B /* Debug */,
				F45BF99F1B7459F80019059B /* Release */,
			);
			defaultConfigurationIsVisible = 0;
			defaultConfigurationName = Release;
		};
		F45BF9A01B7459F80019059B /* Build configuration list for PBXNativeTarget "画板-beta" */ = {
			isa = XCConfigurationList;
			buildConfigurations = (
				F45BF9A11B7459F80019059B /* Debug */,
				F45BF9A21B7459F80019059B /* Release */,
			);
			defaultConfigurationIsVisible = 0;
		};
		F45BF9A31B7459F80019059B /* Build configuration list for PBXNativeTarget "画板-betaTests" */ = {
			isa = XCConfigurationList;
			buildConfigurations = (
				F45BF9A41B7459F80019059B /* Debug */,
				F45BF9A51B7459F80019059B /* Release */,
			);
			defaultConfigurationIsVisible = 0;
		};
/* End XCConfigurationList section */
	};
	rootObject = F45BF9751B7459F80019059B /* Project object */;
}
